// !$*UTF8*$!
{
	archiveVersion = 1;
	classes = {
	};
	objectVersion = 55;
	objects = {

/* Begin PBXBuildFile section */
		662CA2102819687000F2455F /* ListView.swift in Sources */ = {isa = PBXBuildFile; fileRef = 662CA20F2819687000F2455F /* ListView.swift */; };
		662CA21428197D0A00F2455F /* NetworkManager.swift in Sources */ = {isa = PBXBuildFile; fileRef = 662CA21328197D0A00F2455F /* NetworkManager.swift */; };
		66409DAC281A75AB00A16811 /* NamesAndUrl.swift in Sources */ = {isa = PBXBuildFile; fileRef = 66409DAB281A75AB00A16811 /* NamesAndUrl.swift */; };
		66409DAF281A9A3500A16811 /* SpecsView.swift in Sources */ = {isa = PBXBuildFile; fileRef = 66409DAE281A9A3500A16811 /* SpecsView.swift */; };
		66409DB1281ABF5500A16811 /* NamesArray.swift in Sources */ = {isa = PBXBuildFile; fileRef = 66409DB0281ABF5500A16811 /* NamesArray.swift */; };
		66409DB4281ADA9800A16811 /* pythonDownloader.py in Resources */ = {isa = PBXBuildFile; fileRef = 66409DB3281ADA9800A16811 /* pythonDownloader.py */; };
		66CF7AF3281956A00026A2C0 /* PokeProjektApp.swift in Sources */ = {isa = PBXBuildFile; fileRef = 66CF7AF2281956A00026A2C0 /* PokeProjektApp.swift */; };
		66CF7AF5281956A00026A2C0 /* ContentView.swift in Sources */ = {isa = PBXBuildFile; fileRef = 66CF7AF4281956A00026A2C0 /* ContentView.swift */; };
		66CF7AF7281956A30026A2C0 /* Assets.xcassets in Resources */ = {isa = PBXBuildFile; fileRef = 66CF7AF6281956A30026A2C0 /* Assets.xcassets */; };
		66CF7AFA281956A30026A2C0 /* Preview Assets.xcassets in Resources */ = {isa = PBXBuildFile; fileRef = 66CF7AF9281956A30026A2C0 /* Preview Assets.xcassets */; };
		66CF7B05281959030026A2C0 /* PokeDataLocal.swift in Sources */ = {isa = PBXBuildFile; fileRef = 66CF7B04281959030026A2C0 /* PokeDataLocal.swift */; };
		66CF7B092819598E0026A2C0 /* PokeDataController.swift in Sources */ = {isa = PBXBuildFile; fileRef = 66CF7B082819598E0026A2C0 /* PokeDataController.swift */; };
		66CF7B0B281961780026A2C0 /* View+Ext.swift in Sources */ = {isa = PBXBuildFile; fileRef = 66CF7B0A281961780026A2C0 /* View+Ext.swift */; };
/* End PBXBuildFile section */

/* Begin PBXFileReference section */
		662CA20F2819687000F2455F /* ListView.swift */ = {isa = PBXFileReference; lastKnownFileType = sourcecode.swift; path = ListView.swift; sourceTree = "<group>"; };
		662CA21328197D0A00F2455F /* NetworkManager.swift */ = {isa = PBXFileReference; lastKnownFileType = sourcecode.swift; path = NetworkManager.swift; sourceTree = "<group>"; };
		66409DAB281A75AB00A16811 /* NamesAndUrl.swift */ = {isa = PBXFileReference; lastKnownFileType = sourcecode.swift; path = NamesAndUrl.swift; sourceTree = "<group>"; };
		66409DAE281A9A3500A16811 /* SpecsView.swift */ = {isa = PBXFileReference; lastKnownFileType = sourcecode.swift; path = SpecsView.swift; sourceTree = "<group>"; };
		66409DB0281ABF5500A16811 /* NamesArray.swift */ = {isa = PBXFileReference; lastKnownFileType = sourcecode.swift; path = NamesArray.swift; sourceTree = "<group>"; };
		66409DB3281ADA9800A16811 /* pythonDownloader.py */ = {isa = PBXFileReference; fileEncoding = 4; lastKnownFileType = text.script.python; path = pythonDownloader.py; sourceTree = "<group>"; };
		66CF7AEF2819569F0026A2C0 /* PokeProjekt.app */ = {isa = PBXFileReference; explicitFileType = wrapper.application; includeInIndex = 0; path = PokeProjekt.app; sourceTree = BUILT_PRODUCTS_DIR; };
		66CF7AF2281956A00026A2C0 /* PokeProjektApp.swift */ = {isa = PBXFileReference; lastKnownFileType = sourcecode.swift; path = PokeProjektApp.swift; sourceTree = "<group>"; };
		66CF7AF4281956A00026A2C0 /* ContentView.swift */ = {isa = PBXFileReference; lastKnownFileType = sourcecode.swift; path = ContentView.swift; sourceTree = "<group>"; };
		66CF7AF6281956A30026A2C0 /* Assets.xcassets */ = {isa = PBXFileReference; lastKnownFileType = folder.assetcatalog; path = Assets.xcassets; sourceTree = "<group>"; };
		66CF7AF9281956A30026A2C0 /* Preview Assets.xcassets */ = {isa = PBXFileReference; lastKnownFileType = folder.assetcatalog; path = "Preview Assets.xcassets"; sourceTree = "<group>"; };
		66CF7B04281959030026A2C0 /* PokeDataLocal.swift */ = {isa = PBXFileReference; lastKnownFileType = sourcecode.swift; path = PokeDataLocal.swift; sourceTree = "<group>"; };
		66CF7B082819598E0026A2C0 /* PokeDataController.swift */ = {isa = PBXFileReference; lastKnownFileType = sourcecode.swift; path = PokeDataController.swift; sourceTree = "<group>"; };
		66CF7B0A281961780026A2C0 /* View+Ext.swift */ = {isa = PBXFileReference; lastKnownFileType = sourcecode.swift; path = "View+Ext.swift"; sourceTree = "<group>"; };
/* End PBXFileReference section */

/* Begin PBXFrameworksBuildPhase section */
		66CF7AEC2819569F0026A2C0 /* Frameworks */ = {
			isa = PBXFrameworksBuildPhase;
			buildActionMask = 2147483647;
			files = (
			);
			runOnlyForDeploymentPostprocessing = 0;
		};
/* End PBXFrameworksBuildPhase section */

/* Begin PBXGroup section */
		662CA21928198A2F00F2455F /* Model */ = {
			isa = PBXGroup;
			children = (
				66409DAB281A75AB00A16811 /* NamesAndUrl.swift */,
			);
			path = Model;
			sourceTree = "<group>";
		};
		662CA21A28198A5B00F2455F /* Managers */ = {
			isa = PBXGroup;
			children = (
				662CA21328197D0A00F2455F /* NetworkManager.swift */,
			);
			path = Managers;
			sourceTree = "<group>";
		};
		66409DAD281A99EB00A16811 /* Screens */ = {
			isa = PBXGroup;
			children = (
				662CA20F2819687000F2455F /* ListView.swift */,
				66409DAE281A9A3500A16811 /* SpecsView.swift */,
			);
			path = Screens;
			sourceTree = "<group>";
		};
		66409DB2281ABFA500A16811 /* Helpers */ = {
			isa = PBXGroup;
			children = (
				66409DB3281ADA9800A16811 /* pythonDownloader.py */,
				66409DB0281ABF5500A16811 /* NamesArray.swift */,
			);
			path = Helpers;
			sourceTree = "<group>";
		};
		66CF7AE62819569F0026A2C0 = {
			isa = PBXGroup;
			children = (
				66CF7AF1281956A00026A2C0 /* PokeProjekt */,
				66CF7AF02819569F0026A2C0 /* Products */,
			);
			sourceTree = "<group>";
		};
		66CF7AF02819569F0026A2C0 /* Products */ = {
			isa = PBXGroup;
			children = (
				66CF7AEF2819569F0026A2C0 /* PokeProjekt.app */,
			);
			name = Products;
			sourceTree = "<group>";
		};
		66CF7AF1281956A00026A2C0 /* PokeProjekt */ = {
			isa = PBXGroup;
			children = (
				66409DB2281ABFA500A16811 /* Helpers */,
				662CA21928198A2F00F2455F /* Model */,
				662CA21A28198A5B00F2455F /* Managers */,
				66CF7AF2281956A00026A2C0 /* PokeProjektApp.swift */,
				66CF7B04281959030026A2C0 /* PokeDataLocal.swift */,
				66CF7B082819598E0026A2C0 /* PokeDataController.swift */,
				66CF7AF4281956A00026A2C0 /* ContentView.swift */,
				66409DAD281A99EB00A16811 /* Screens */,
				66CF7B0D281961880026A2C0 /* Extensions */,
				66CF7AF6281956A30026A2C0 /* Assets.xcassets */,
				66CF7AF8281956A30026A2C0 /* Preview Content */,
			);
			path = PokeProjekt;
			sourceTree = "<group>";
		};
		66CF7AF8281956A30026A2C0 /* Preview Content */ = {
			isa = PBXGroup;
			children = (
				66CF7AF9281956A30026A2C0 /* Preview Assets.xcassets */,
			);
			path = "Preview Content";
			sourceTree = "<group>";
		};
		66CF7B0D281961880026A2C0 /* Extensions */ = {
			isa = PBXGroup;
			children = (
				66CF7B0A281961780026A2C0 /* View+Ext.swift */,
			);
			path = Extensions;
			sourceTree = "<group>";
		};
/* End PBXGroup section */

/* Begin PBXNativeTarget section */
		66CF7AEE2819569F0026A2C0 /* PokeProjekt */ = {
			isa = PBXNativeTarget;
			buildConfigurationList = 66CF7AFD281956A30026A2C0 /* Build configuration list for PBXNativeTarget "PokeProjekt" */;
			buildPhases = (
				66CF7AEB2819569F0026A2C0 /* Sources */,
				66CF7AEC2819569F0026A2C0 /* Frameworks */,
				66CF7AED2819569F0026A2C0 /* Resources */,
			);
			buildRules = (
			);
			dependencies = (
			);
			name = PokeProjekt;
			productName = PokeProjekt;
			productReference = 66CF7AEF2819569F0026A2C0 /* PokeProjekt.app */;
			productType = "com.apple.product-type.application";
		};
/* End PBXNativeTarget section */

/* Begin PBXProject section */
		66CF7AE72819569F0026A2C0 /* Project object */ = {
			isa = PBXProject;
			attributes = {
				BuildIndependentTargetsInParallel = 1;
				LastSwiftUpdateCheck = 1330;
				LastUpgradeCheck = 1330;
				TargetAttributes = {
					66CF7AEE2819569F0026A2C0 = {
						CreatedOnToolsVersion = 13.3;
					};
				};
			};
			buildConfigurationList = 66CF7AEA2819569F0026A2C0 /* Build configuration list for PBXProject "PokeProjekt" */;
			compatibilityVersion = "Xcode 13.0";
			developmentRegion = en;
			hasScannedForEncodings = 0;
			knownRegions = (
				en,
				Base,
			);
			mainGroup = 66CF7AE62819569F0026A2C0;
			productRefGroup = 66CF7AF02819569F0026A2C0 /* Products */;
			projectDirPath = "";
			projectRoot = "";
			targets = (
				66CF7AEE2819569F0026A2C0 /* PokeProjekt */,
			);
		};
/* End PBXProject section */

/* Begin PBXResourcesBuildPhase section */
		66CF7AED2819569F0026A2C0 /* Resources */ = {
			isa = PBXResourcesBuildPhase;
			buildActionMask = 2147483647;
			files = (
				66409DB4281ADA9800A16811 /* pythonDownloader.py in Resources */,
				66CF7AFA281956A30026A2C0 /* Preview Assets.xcassets in Resources */,
				66CF7AF7281956A30026A2C0 /* Assets.xcassets in Resources */,
			);
			runOnlyForDeploymentPostprocessing = 0;
		};
/* End PBXResourcesBuildPhase section */

/* Begin PBXSourcesBuildPhase section */
		66CF7AEB2819569F0026A2C0 /* Sources */ = {
			isa = PBXSourcesBuildPhase;
			buildActionMask = 2147483647;
			files = (
				66CF7B092819598E0026A2C0 /* PokeDataController.swift in Sources */,
				66CF7AF5281956A00026A2C0 /* ContentView.swift in Sources */,
				66409DAF281A9A3500A16811 /* SpecsView.swift in Sources */,
				662CA2102819687000F2455F /* ListView.swift in Sources */,
				66409DB1281ABF5500A16811 /* NamesArray.swift in Sources */,
				66409DAC281A75AB00A16811 /* NamesAndUrl.swift in Sources */,
				662CA21428197D0A00F2455F /* NetworkManager.swift in Sources */,
				66CF7B0B281961780026A2C0 /* View+Ext.swift in Sources */,
				66CF7AF3281956A00026A2C0 /* PokeProjektApp.swift in Sources */,
				66CF7B05281959030026A2C0 /* PokeDataLocal.swift in Sources */,
			);
			runOnlyForDeploymentPostprocessing = 0;
		};
/* End PBXSourcesBuildPhase section */

/* Begin XCBuildConfiguration section */
		66CF7AFB281956A30026A2C0 /* Debug */ = {
			isa = XCBuildConfiguration;
			buildSettings = {
				ALWAYS_SEARCH_USER_PATHS = NO;
				CLANG_ANALYZER_NONNULL = YES;
				CLANG_ANALYZER_NUMBER_OBJECT_CONVERSION = YES_AGGRESSIVE;
				CLANG_CXX_LANGUAGE_STANDARD = "gnu++17";
				CLANG_ENABLE_MODULES = YES;
				CLANG_ENABLE_OBJC_ARC = YES;
				CLANG_ENABLE_OBJC_WEAK = YES;
				CLANG_WARN_BLOCK_CAPTURE_AUTORELEASING = YES;
				CLANG_WARN_BOOL_CONVERSION = YES;
				CLANG_WARN_COMMA = YES;
				CLANG_WARN_CONSTANT_CONVERSION = YES;
				CLANG_WARN_DEPRECATED_OBJC_IMPLEMENTATIONS = YES;
				CLANG_WARN_DIRECT_OBJC_ISA_USAGE = YES_ERROR;
				CLANG_WARN_DOCUMENTATION_COMMENTS = YES;
				CLANG_WARN_EMPTY_BODY = YES;
				CLANG_WARN_ENUM_CONVERSION = YES;
				CLANG_WARN_INFINITE_RECURSION = YES;
				CLANG_WARN_INT_CONVERSION = YES;
				CLANG_WARN_NON_LITERAL_NULL_CONVERSION = YES;
				CLANG_WARN_OBJC_IMPLICIT_RETAIN_SELF = YES;
				CLANG_WARN_OBJC_LITERAL_CONVERSION = YES;
				CLANG_WARN_OBJC_ROOT_CLASS = YES_ERROR;
				CLANG_WARN_QUOTED_INCLUDE_IN_FRAMEWORK_HEADER = YES;
				CLANG_WARN_RANGE_LOOP_ANALYSIS = YES;
				CLANG_WARN_STRICT_PROTOTYPES = YES;
				CLANG_WARN_SUSPICIOUS_MOVE = YES;
				CLANG_WARN_UNGUARDED_AVAILABILITY = YES_AGGRESSIVE;
				CLANG_WARN_UNREACHABLE_CODE = YES;
				CLANG_WARN__DUPLICATE_METHOD_MATCH = YES;
				COPY_PHASE_STRIP = NO;
				DEBUG_INFORMATION_FORMAT = dwarf;
				ENABLE_STRICT_OBJC_MSGSEND = YES;
				ENABLE_TESTABILITY = YES;
				GCC_C_LANGUAGE_STANDARD = gnu11;
				GCC_DYNAMIC_NO_PIC = NO;
				GCC_NO_COMMON_BLOCKS = YES;
				GCC_OPTIMIZATION_LEVEL = 0;
				GCC_PREPROCESSOR_DEFINITIONS = (
					"DEBUG=1",
					"$(inherited)",
				);
				GCC_WARN_64_TO_32_BIT_CONVERSION = YES;
				GCC_WARN_ABOUT_RETURN_TYPE = YES_ERROR;
				GCC_WARN_UNDECLARED_SELECTOR = YES;
				GCC_WARN_UNINITIALIZED_AUTOS = YES_AGGRESSIVE;
				GCC_WARN_UNUSED_FUNCTION = YES;
				GCC_WARN_UNUSED_VARIABLE = YES;
				IPHONEOS_DEPLOYMENT_TARGET = 15.4;
				MTL_ENABLE_DEBUG_INFO = INCLUDE_SOURCE;
				MTL_FAST_MATH = YES;
				ONLY_ACTIVE_ARCH = YES;
				SDKROOT = iphoneos;
				SWIFT_ACTIVE_COMPILATION_CONDITIONS = DEBUG;
				SWIFT_OPTIMIZATION_LEVEL = "-Onone";
			};
			name = Debug;
		};
		66CF7AFC281956A30026A2C0 /* Release */ = {
			isa = XCBuildConfiguration;
			buildSettings = {
				ALWAYS_SEARCH_USER_PATHS = NO;
				CLANG_ANALYZER_NONNULL = YES;
				CLANG_ANALYZER_NUMBER_OBJECT_CONVERSION = YES_AGGRESSIVE;
				CLANG_CXX_LANGUAGE_STANDARD = "gnu++17";
				CLANG_ENABLE_MODULES = YES;
				CLANG_ENABLE_OBJC_ARC = YES;
				CLANG_ENABLE_OBJC_WEAK = YES;
				CLANG_WARN_BLOCK_CAPTURE_AUTORELEASING = YES;
				CLANG_WARN_BOOL_CONVERSION = YES;
				CLANG_WARN_COMMA = YES;
				CLANG_WARN_CONSTANT_CONVERSION = YES;
				CLANG_WARN_DEPRECATED_OBJC_IMPLEMENTATIONS = YES;
				CLANG_WARN_DIRECT_OBJC_ISA_USAGE = YES_ERROR;
				CLANG_WARN_DOCUMENTATION_COMMENTS = YES;
				CLANG_WARN_EMPTY_BODY = YES;
				CLANG_WARN_ENUM_CONVERSION = YES;
				CLANG_WARN_INFINITE_RECURSION = YES;
				CLANG_WARN_INT_CONVERSION = YES;
				CLANG_WARN_NON_LITERAL_NULL_CONVERSION = YES;
				CLANG_WARN_OBJC_IMPLICIT_RETAIN_SELF = YES;
				CLANG_WARN_OBJC_LITERAL_CONVERSION = YES;
				CLANG_WARN_OBJC_ROOT_CLASS = YES_ERROR;
				CLANG_WARN_QUOTED_INCLUDE_IN_FRAMEWORK_HEADER = YES;
				CLANG_WARN_RANGE_LOOP_ANALYSIS = YES;
				CLANG_WARN_STRICT_PROTOTYPES = YES;
				CLANG_WARN_SUSPICIOUS_MOVE = YES;
				CLANG_WARN_UNGUARDED_AVAILABILITY = YES_AGGRESSIVE;
				CLANG_WARN_UNREACHABLE_CODE = YES;
				CLANG_WARN__DUPLICATE_METHOD_MATCH = YES;
				COPY_PHASE_STRIP = NO;
				DEBUG_INFORMATION_FORMAT = "dwarf-with-dsym";
				ENABLE_NS_ASSERTIONS = NO;
				ENABLE_STRICT_OBJC_MSGSEND = YES;
				GCC_C_LANGUAGE_STANDARD = gnu11;
				GCC_NO_COMMON_BLOCKS = YES;
				GCC_WARN_64_TO_32_BIT_CONVERSION = YES;
				GCC_WARN_ABOUT_RETURN_TYPE = YES_ERROR;
				GCC_WARN_UNDECLARED_SELECTOR = YES;
				GCC_WARN_UNINITIALIZED_AUTOS = YES_AGGRESSIVE;
				GCC_WARN_UNUSED_FUNCTION = YES;
				GCC_WARN_UNUSED_VARIABLE = YES;
				IPHONEOS_DEPLOYMENT_TARGET = 15.4;
				MTL_ENABLE_DEBUG_INFO = NO;
				MTL_FAST_MATH = YES;
				SDKROOT = iphoneos;
				SWIFT_COMPILATION_MODE = wholemodule;
				SWIFT_OPTIMIZATION_LEVEL = "-O";
				VALIDATE_PRODUCT = YES;
			};
			name = Release;
		};
		66CF7AFE281956A30026A2C0 /* Debug */ = {
			isa = XCBuildConfiguration;
			buildSettings = {
				ASSETCATALOG_COMPILER_APPICON_NAME = AppIcon;
				ASSETCATALOG_COMPILER_GLOBAL_ACCENT_COLOR_NAME = AccentColor;
				CODE_SIGN_STYLE = Automatic;
				CURRENT_PROJECT_VERSION = 1;
				DEVELOPMENT_ASSET_PATHS = "\"PokeProjekt/Preview Content\"";
				DEVELOPMENT_TEAM = W74SAJM8XK;
				ENABLE_PREVIEWS = YES;
				GENERATE_INFOPLIST_FILE = YES;
				INFOPLIST_KEY_UIApplicationSceneManifest_Generation = YES;
				INFOPLIST_KEY_UIApplicationSupportsIndirectInputEvents = YES;
				INFOPLIST_KEY_UILaunchScreen_Generation = YES;
				INFOPLIST_KEY_UISupportedInterfaceOrientations_iPad = "UIInterfaceOrientationPortrait UIInterfaceOrientationPortraitUpsideDown UIInterfaceOrientationLandscapeLeft UIInterfaceOrientationLandscapeRight";
				INFOPLIST_KEY_UISupportedInterfaceOrientations_iPhone = "UIInterfaceOrientationPortrait UIInterfaceOrientationLandscapeLeft UIInterfaceOrientationLandscapeRight";
				LD_RUNPATH_SEARCH_PATHS = (
					"$(inherited)",
					"@executable_path/Frameworks",
				);
				MARKETING_VERSION = 1.0;
				PRODUCT_BUNDLE_IDENTIFIER = com.nach.am;
				PRODUCT_NAME = "$(TARGET_NAME)";
				SWIFT_EMIT_LOC_STRINGS = YES;
				SWIFT_VERSION = 5.0;
				TARGETED_DEVICE_FAMILY = "1,2";
			};
			name = Debug;
		};
		66CF7AFF281956A30026A2C0 /* Release */ = {
			isa = XCBuildConfiguration;
			buildSettings = {
				ASSETCATALOG_COMPILER_APPICON_NAME = AppIcon;
				ASSETCATALOG_COMPILER_GLOBAL_ACCENT_COLOR_NAME = AccentColor;
				CODE_SIGN_STYLE = Automatic;
				CURRENT_PROJECT_VERSION = 1;
				DEVELOPMENT_ASSET_PATHS = "\"PokeProjekt/Preview Content\"";
				DEVELOPMENT_TEAM = W74SAJM8XK;
				ENABLE_PREVIEWS = YES;
				GENERATE_INFOPLIST_FILE = YES;
				INFOPLIST_KEY_UIApplicationSceneManifest_Generation = YES;
				INFOPLIST_KEY_UIApplicationSupportsIndirectInputEvents = YES;
				INFOPLIST_KEY_UILaunchScreen_Generation = YES;
				INFOPLIST_KEY_UISupportedInterfaceOrientations_iPad = "UIInterfaceOrientationPortrait UIInterfaceOrientationPortraitUpsideDown UIInterfaceOrientationLandscapeLeft UIInterfaceOrientationLandscapeRight";
				INFOPLIST_KEY_UISupportedInterfaceOrientations_iPhone = "UIInterfaceOrientationPortrait UIInterfaceOrientationLandscapeLeft UIInterfaceOrientationLandscapeRight";
				LD_RUNPATH_SEARCH_PATHS = (
					"$(inherited)",
					"@executable_path/Frameworks",
				);
				MARKETING_VERSION = 1.0;
				PRODUCT_BUNDLE_IDENTIFIER = com.nach.am;
				PRODUCT_NAME = "$(TARGET_NAME)";
				SWIFT_EMIT_LOC_STRINGS = YES;
				SWIFT_VERSION = 5.0;
				TARGETED_DEVICE_FAMILY = "1,2";
			};
			name = Release;
		};
/* End XCBuildConfiguration section */

/* Begin XCConfigurationList section */
		66CF7AEA2819569F0026A2C0 /* Build configuration list for PBXProject "PokeProjekt" */ = {
			isa = XCConfigurationList;
			buildConfigurations = (
				66CF7AFB281956A30026A2C0 /* Debug */,
				66CF7AFC281956A30026A2C0 /* Release */,
			);
			defaultConfigurationIsVisible = 0;
			defaultConfigurationName = Release;
		};
		66CF7AFD281956A30026A2C0 /* Build configuration list for PBXNativeTarget "PokeProjekt" */ = {
			isa = XCConfigurationList;
			buildConfigurations = (
				66CF7AFE281956A30026A2C0 /* Debug */,
				66CF7AFF281956A30026A2C0 /* Release */,
			);
			defaultConfigurationIsVisible = 0;
			defaultConfigurationName = Release;
		};
/* End XCConfigurationList section */
	};
	rootObject = 66CF7AE72819569F0026A2C0 /* Project object */;
}
